// !$*UTF8*$!
{
	archiveVersion = 1;
	classes = {
	};
	objectVersion = 56;
	objects = {

/* Begin PBXBuildFile section */
		9C4C39AC295C60D30060600B /* SignINscreen.storyboard in Resources */ = {isa = PBXBuildFile; fileRef = 9C4C39AB295C60D20060600B /* SignINscreen.storyboard */; };
		9C4C39AE295CAE2C0060600B /* SignInViewController.swift in Sources */ = {isa = PBXBuildFile; fileRef = 9C4C39AD295CAE2C0060600B /* SignInViewController.swift */; };
		9CCCC5792959B626005DBB04 /* RiveRuntime in Frameworks */ = {isa = PBXBuildFile; productRef = 9CCCC5782959B626005DBB04 /* RiveRuntime */; };
		9CCCC58C295A5BBD005DBB04 /* #inoneanimation.riv in Resources */ = {isa = PBXBuildFile; fileRef = 9CCCC58B295A5BBD005DBB04 /* #inoneanimation.riv */; };
		9CCCC58E295A5BC8005DBB04 /* welcomescreenbganimation.riv in Resources */ = {isa = PBXBuildFile; fileRef = 9CCCC58D295A5BC8005DBB04 /* welcomescreenbganimation.riv */; };
		9CEDD07529579585004AC4C5 /* _inOneApp.swift in Sources */ = {isa = PBXBuildFile; fileRef = 9CEDD07429579585004AC4C5 /* _inOneApp.swift */; };
		9CEDD07729579585004AC4C5 /* ContentView.swift in Sources */ = {isa = PBXBuildFile; fileRef = 9CEDD07629579585004AC4C5 /* ContentView.swift */; };
		9CEDD07929579585004AC4C5 /* Assets.xcassets in Resources */ = {isa = PBXBuildFile; fileRef = 9CEDD07829579585004AC4C5 /* Assets.xcassets */; };
		9CEDD07C29579585004AC4C5 /* Preview Assets.xcassets in Resources */ = {isa = PBXBuildFile; fileRef = 9CEDD07B29579585004AC4C5 /* Preview Assets.xcassets */; };
		9CEDD08629579585004AC4C5 /* _inOneTests.swift in Sources */ = {isa = PBXBuildFile; fileRef = 9CEDD08529579585004AC4C5 /* _inOneTests.swift */; };
		9CEDD09029579585004AC4C5 /* _inOneUITests.swift in Sources */ = {isa = PBXBuildFile; fileRef = 9CEDD08F29579585004AC4C5 /* _inOneUITests.swift */; };
		9CEDD09229579585004AC4C5 /* _inOneUITestsLaunchTests.swift in Sources */ = {isa = PBXBuildFile; fileRef = 9CEDD09129579585004AC4C5 /* _inOneUITestsLaunchTests.swift */; };
/* End PBXBuildFile section */

/* Begin PBXContainerItemProxy section */
		9CEDD08229579585004AC4C5 /* PBXContainerItemProxy */ = {
			isa = PBXContainerItemProxy;
			containerPortal = 9CEDD06929579585004AC4C5 /* Project object */;
			proxyType = 1;
			remoteGlobalIDString = 9CEDD07029579585004AC4C5;
			remoteInfo = "#inOne";
		};
		9CEDD08C29579585004AC4C5 /* PBXContainerItemProxy */ = {
			isa = PBXContainerItemProxy;
			containerPortal = 9CEDD06929579585004AC4C5 /* Project object */;
			proxyType = 1;
			remoteGlobalIDString = 9CEDD07029579585004AC4C5;
			remoteInfo = "#inOne";
		};
/* End PBXContainerItemProxy section */

/* Begin PBXFileReference section */
		9C4C39AB295C60D20060600B /* SignINscreen.storyboard */ = {isa = PBXFileReference; lastKnownFileType = file.storyboard; path = SignINscreen.storyboard; sourceTree = "<group>"; };
		9C4C39AD295CAE2C0060600B /* SignInViewController.swift */ = {isa = PBXFileReference; lastKnownFileType = sourcecode.swift; path = SignInViewController.swift; sourceTree = "<group>"; };
		9CCCC58B295A5BBD005DBB04 /* #inoneanimation.riv */ = {isa = PBXFileReference; lastKnownFileType = file; path = "#inoneanimation.riv"; sourceTree = "<group>"; };
		9CCCC58D295A5BC8005DBB04 /* welcomescreenbganimation.riv */ = {isa = PBXFileReference; lastKnownFileType = file; path = welcomescreenbganimation.riv; sourceTree = "<group>"; };
		9CEDD07129579585004AC4C5 /* #inOne.app */ = {isa = PBXFileReference; explicitFileType = wrapper.application; includeInIndex = 0; path = "#inOne.app"; sourceTree = BUILT_PRODUCTS_DIR; };
		9CEDD07429579585004AC4C5 /* _inOneApp.swift */ = {isa = PBXFileReference; lastKnownFileType = sourcecode.swift; path = _inOneApp.swift; sourceTree = "<group>"; };
		9CEDD07629579585004AC4C5 /* ContentView.swift */ = {isa = PBXFileReference; lastKnownFileType = sourcecode.swift; path = ContentView.swift; sourceTree = "<group>"; };
		9CEDD07829579585004AC4C5 /* Assets.xcassets */ = {isa = PBXFileReference; lastKnownFileType = folder.assetcatalog; path = Assets.xcassets; sourceTree = "<group>"; };
		9CEDD07B29579585004AC4C5 /* Preview Assets.xcassets */ = {isa = PBXFileReference; lastKnownFileType = folder.assetcatalog; path = "Preview Assets.xcassets"; sourceTree = "<group>"; };
		9CEDD08129579585004AC4C5 /* #inOneTests.xctest */ = {isa = PBXFileReference; explicitFileType = wrapper.cfbundle; includeInIndex = 0; path = "#inOneTests.xctest"; sourceTree = BUILT_PRODUCTS_DIR; };
		9CEDD08529579585004AC4C5 /* _inOneTests.swift */ = {isa = PBXFileReference; lastKnownFileType = sourcecode.swift; path = _inOneTests.swift; sourceTree = "<group>"; };
		9CEDD08B29579585004AC4C5 /* #inOneUITests.xctest */ = {isa = PBXFileReference; explicitFileType = wrapper.cfbundle; includeInIndex = 0; path = "#inOneUITests.xctest"; sourceTree = BUILT_PRODUCTS_DIR; };
		9CEDD08F29579585004AC4C5 /* _inOneUITests.swift */ = {isa = PBXFileReference; lastKnownFileType = sourcecode.swift; path = _inOneUITests.swift; sourceTree = "<group>"; };
		9CEDD09129579585004AC4C5 /* _inOneUITestsLaunchTests.swift */ = {isa = PBXFileReference; lastKnownFileType = sourcecode.swift; path = _inOneUITestsLaunchTests.swift; sourceTree = "<group>"; };
/* End PBXFileReference section */

/* Begin PBXFrameworksBuildPhase section */
		9CEDD06E29579585004AC4C5 /* Frameworks */ = {
			isa = PBXFrameworksBuildPhase;
			buildActionMask = 2147483647;
			files = (
				9CCCC5792959B626005DBB04 /* RiveRuntime in Frameworks */,
			);
			runOnlyForDeploymentPostprocessing = 0;
		};
		9CEDD07E29579585004AC4C5 /* Frameworks */ = {
			isa = PBXFrameworksBuildPhase;
			buildActionMask = 2147483647;
			files = (
			);
			runOnlyForDeploymentPostprocessing = 0;
		};
		9CEDD08829579585004AC4C5 /* Frameworks */ = {
			isa = PBXFrameworksBuildPhase;
			buildActionMask = 2147483647;
			files = (
			);
			runOnlyForDeploymentPostprocessing = 0;
		};
/* End PBXFrameworksBuildPhase section */

/* Begin PBXGroup section */
		9CCCC57A2959B649005DBB04 /* RIve */ = {
			isa = PBXGroup;
			children = (
				9CCCC58B295A5BBD005DBB04 /* #inoneanimation.riv */,
				9CCCC58D295A5BC8005DBB04 /* welcomescreenbganimation.riv */,
			);
			path = RIve;
			sourceTree = "<group>";
		};
		9CEDD06829579585004AC4C5 = {
			isa = PBXGroup;
			children = (
				9CEDD07329579585004AC4C5 /* #inOne */,
				9CEDD08429579585004AC4C5 /* #inOneTests */,
				9CEDD08E29579585004AC4C5 /* #inOneUITests */,
				9CCCC57A2959B649005DBB04 /* RIve */,
				9CEDD07229579585004AC4C5 /* Products */,
			);
			sourceTree = "<group>";
		};
		9CEDD07229579585004AC4C5 /* Products */ = {
			isa = PBXGroup;
			children = (
				9CEDD07129579585004AC4C5 /* #inOne.app */,
				9CEDD08129579585004AC4C5 /* #inOneTests.xctest */,
				9CEDD08B29579585004AC4C5 /* #inOneUITests.xctest */,
			);
			name = Products;
			sourceTree = "<group>";
		};
		9CEDD07329579585004AC4C5 /* #inOne */ = {
			isa = PBXGroup;
			children = (
				9CEDD07429579585004AC4C5 /* _inOneApp.swift */,
				9CEDD07629579585004AC4C5 /* ContentView.swift */,
				9C4C39AB295C60D20060600B /* SignINscreen.storyboard */,
				9C4C39AD295CAE2C0060600B /* SignInViewController.swift */,
				9CEDD07829579585004AC4C5 /* Assets.xcassets */,
				9CEDD07A29579585004AC4C5 /* Preview Content */,
			);
			path = "#inOne";
			sourceTree = "<group>";
		};
		9CEDD07A29579585004AC4C5 /* Preview Content */ = {
			isa = PBXGroup;
			children = (
				9CEDD07B29579585004AC4C5 /* Preview Assets.xcassets */,
			);
			path = "Preview Content";
			sourceTree = "<group>";
		};
		9CEDD08429579585004AC4C5 /* #inOneTests */ = {
			isa = PBXGroup;
			children = (
				9CEDD08529579585004AC4C5 /* _inOneTests.swift */,
			);
			path = "#inOneTests";
			sourceTree = "<group>";
		};
		9CEDD08E29579585004AC4C5 /* #inOneUITests */ = {
			isa = PBXGroup;
			children = (
				9CEDD08F29579585004AC4C5 /* _inOneUITests.swift */,
				9CEDD09129579585004AC4C5 /* _inOneUITestsLaunchTests.swift */,
			);
			path = "#inOneUITests";
			sourceTree = "<group>";
		};
/* End PBXGroup section */

/* Begin PBXNativeTarget section */
		9CEDD07029579585004AC4C5 /* #inOne */ = {
			isa = PBXNativeTarget;
			buildConfigurationList = 9CEDD09529579585004AC4C5 /* Build configuration list for PBXNativeTarget "#inOne" */;
			buildPhases = (
				9CEDD06D29579585004AC4C5 /* Sources */,
				9CEDD06E29579585004AC4C5 /* Frameworks */,
				9CEDD06F29579585004AC4C5 /* Resources */,
			);
			buildRules = (
			);
			dependencies = (
			);
			name = "#inOne";
			packageProductDependencies = (
				9CCCC5782959B626005DBB04 /* RiveRuntime */,
			);
			productName = "#inOne";
			productReference = 9CEDD07129579585004AC4C5 /* #inOne.app */;
			productType = "com.apple.product-type.application";
		};
		9CEDD08029579585004AC4C5 /* #inOneTests */ = {
			isa = PBXNativeTarget;
			buildConfigurationList = 9CEDD09829579585004AC4C5 /* Build configuration list for PBXNativeTarget "#inOneTests" */;
			buildPhases = (
				9CEDD07D29579585004AC4C5 /* Sources */,
				9CEDD07E29579585004AC4C5 /* Frameworks */,
				9CEDD07F29579585004AC4C5 /* Resources */,
			);
			buildRules = (
			);
			dependencies = (
				9CEDD08329579585004AC4C5 /* PBXTargetDependency */,
			);
			name = "#inOneTests";
			productName = "#inOneTests";
			productReference = 9CEDD08129579585004AC4C5 /* #inOneTests.xctest */;
			productType = "com.apple.product-type.bundle.unit-test";
		};
		9CEDD08A29579585004AC4C5 /* #inOneUITests */ = {
			isa = PBXNativeTarget;
			buildConfigurationList = 9CEDD09B29579585004AC4C5 /* Build configuration list for PBXNativeTarget "#inOneUITests" */;
			buildPhases = (
				9CEDD08729579585004AC4C5 /* Sources */,
				9CEDD08829579585004AC4C5 /* Frameworks */,
				9CEDD08929579585004AC4C5 /* Resources */,
			);
			buildRules = (
			);
			dependencies = (
				9CEDD08D29579585004AC4C5 /* PBXTargetDependency */,
			);
			name = "#inOneUITests";
			productName = "#inOneUITests";
			productReference = 9CEDD08B29579585004AC4C5 /* #inOneUITests.xctest */;
			productType = "com.apple.product-type.bundle.ui-testing";
		};
/* End PBXNativeTarget section */

/* Begin PBXProject section */
		9CEDD06929579585004AC4C5 /* Project object */ = {
			isa = PBXProject;
			attributes = {
				BuildIndependentTargetsInParallel = 1;
				LastSwiftUpdateCheck = 1420;
				LastUpgradeCheck = 1420;
				TargetAttributes = {
					9CEDD07029579585004AC4C5 = {
						CreatedOnToolsVersion = 14.2;
					};
					9CEDD08029579585004AC4C5 = {
						CreatedOnToolsVersion = 14.2;
						TestTargetID = 9CEDD07029579585004AC4C5;
					};
					9CEDD08A29579585004AC4C5 = {
						CreatedOnToolsVersion = 14.2;
						TestTargetID = 9CEDD07029579585004AC4C5;
					};
				};
			};
			buildConfigurationList = 9CEDD06C29579585004AC4C5 /* Build configuration list for PBXProject "#inOne" */;
			compatibilityVersion = "Xcode 14.0";
			developmentRegion = en;
			hasScannedForEncodings = 0;
			knownRegions = (
				en,
				Base,
			);
			mainGroup = 9CEDD06829579585004AC4C5;
			packageReferences = (
				9CCCC5772959B626005DBB04 /* XCRemoteSwiftPackageReference "rive-ios" */,
			);
			productRefGroup = 9CEDD07229579585004AC4C5 /* Products */;
			projectDirPath = "";
			projectRoot = "";
			targets = (
				9CEDD07029579585004AC4C5 /* #inOne */,
				9CEDD08029579585004AC4C5 /* #inOneTests */,
				9CEDD08A29579585004AC4C5 /* #inOneUITests */,
			);
		};
/* End PBXProject section */

/* Begin PBXResourcesBuildPhase section */
		9CEDD06F29579585004AC4C5 /* Resources */ = {
			isa = PBXResourcesBuildPhase;
			buildActionMask = 2147483647;
			files = (
				9CCCC58E295A5BC8005DBB04 /* welcomescreenbganimation.riv in Resources */,
				9CEDD07C29579585004AC4C5 /* Preview Assets.xcassets in Resources */,
				9C4C39AC295C60D30060600B /* SignINscreen.storyboard in Resources */,
				9CCCC58C295A5BBD005DBB04 /* #inoneanimation.riv in Resources */,
				9CEDD07929579585004AC4C5 /* Assets.xcassets in Resources */,
			);
			runOnlyForDeploymentPostprocessing = 0;
		};
		9CEDD07F29579585004AC4C5 /* Resources */ = {
			isa = PBXResourcesBuildPhase;
			buildActionMask = 2147483647;
			files = (
			);
			runOnlyForDeploymentPostprocessing = 0;
		};
		9CEDD08929579585004AC4C5 /* Resources */ = {
			isa = PBXResourcesBuildPhase;
			buildActionMask = 2147483647;
			files = (
			);
			runOnlyForDeploymentPostprocessing = 0;
		};
/* End PBXResourcesBuildPhase section */

/* Begin PBXSourcesBuildPhase section */
		9CEDD06D29579585004AC4C5 /* Sources */ = {
			isa = PBXSourcesBuildPhase;
			buildActionMask = 2147483647;
			files = (
				9C4C39AE295CAE2C0060600B /* SignInViewController.swift in Sources */,
				9CEDD07729579585004AC4C5 /* ContentView.swift in Sources */,
				9CEDD07529579585004AC4C5 /* _inOneApp.swift in Sources */,
			);
			runOnlyForDeploymentPostprocessing = 0;
		};
		9CEDD07D29579585004AC4C5 /* Sources */ = {
			isa = PBXSourcesBuildPhase;
			buildActionMask = 2147483647;
			files = (
				9CEDD08629579585004AC4C5 /* _inOneTests.swift in Sources */,
			);
			runOnlyForDeploymentPostprocessing = 0;
		};
		9CEDD08729579585004AC4C5 /* Sources */ = {
			isa = PBXSourcesBuildPhase;
			buildActionMask = 2147483647;
			files = (
				9CEDD09229579585004AC4C5 /* _inOneUITestsLaunchTests.swift in Sources */,
				9CEDD09029579585004AC4C5 /* _inOneUITests.swift in Sources */,
			);
			runOnlyForDeploymentPostprocessing = 0;
		};
/* End PBXSourcesBuildPhase section */

/* Begin PBXTargetDependency section */
		9CEDD08329579585004AC4C5 /* PBXTargetDependency */ = {
			isa = PBXTargetDependency;
			target = 9CEDD07029579585004AC4C5 /* #inOne */;
			targetProxy = 9CEDD08229579585004AC4C5 /* PBXContainerItemProxy */;
		};
		9CEDD08D29579585004AC4C5 /* PBXTargetDependency */ = {
			isa = PBXTargetDependency;
			target = 9CEDD07029579585004AC4C5 /* #inOne */;
			targetProxy = 9CEDD08C29579585004AC4C5 /* PBXContainerItemProxy */;
		};
/* End PBXTargetDependency section */

/* Begin XCBuildConfiguration section */
		9CEDD09329579585004AC4C5 /* Debug */ = {
			isa = XCBuildConfiguration;
			buildSettings = {
				ALWAYS_SEARCH_USER_PATHS = NO;
				CLANG_ANALYZER_NONNULL = YES;
				CLANG_ANALYZER_NUMBER_OBJECT_CONVERSION = YES_AGGRESSIVE;
				CLANG_CXX_LANGUAGE_STANDARD = "gnu++20";
				CLANG_ENABLE_MODULES = YES;
				CLANG_ENABLE_OBJC_ARC = YES;
				CLANG_ENABLE_OBJC_WEAK = YES;
				CLANG_WARN_BLOCK_CAPTURE_AUTORELEASING = YES;
				CLANG_WARN_BOOL_CONVERSION = YES;
				CLANG_WARN_COMMA = YES;
				CLANG_WARN_CONSTANT_CONVERSION = YES;
				CLANG_WARN_DEPRECATED_OBJC_IMPLEMENTATIONS = YES;
				CLANG_WARN_DIRECT_OBJC_ISA_USAGE = YES_ERROR;
				CLANG_WARN_DOCUMENTATION_COMMENTS = YES;
				CLANG_WARN_EMPTY_BODY = YES;
				CLANG_WARN_ENUM_CONVERSION = YES;
				CLANG_WARN_INFINITE_RECURSION = YES;
				CLANG_WARN_INT_CONVERSION = YES;
				CLANG_WARN_NON_LITERAL_NULL_CONVERSION = YES;
				CLANG_WARN_OBJC_IMPLICIT_RETAIN_SELF = YES;
				CLANG_WARN_OBJC_LITERAL_CONVERSION = YES;
				CLANG_WARN_OBJC_ROOT_CLASS = YES_ERROR;
				CLANG_WARN_QUOTED_INCLUDE_IN_FRAMEWORK_HEADER = YES;
				CLANG_WARN_RANGE_LOOP_ANALYSIS = YES;
				CLANG_WARN_STRICT_PROTOTYPES = YES;
				CLANG_WARN_SUSPICIOUS_MOVE = YES;
				CLANG_WARN_UNGUARDED_AVAILABILITY = YES_AGGRESSIVE;
				CLANG_WARN_UNREACHABLE_CODE = YES;
				CLANG_WARN__DUPLICATE_METHOD_MATCH = YES;
				COPY_PHASE_STRIP = NO;
				DEBUG_INFORMATION_FORMAT = dwarf;
				ENABLE_STRICT_OBJC_MSGSEND = YES;
				ENABLE_TESTABILITY = YES;
				GCC_C_LANGUAGE_STANDARD = gnu11;
				GCC_DYNAMIC_NO_PIC = NO;
				GCC_NO_COMMON_BLOCKS = YES;
				GCC_OPTIMIZATION_LEVEL = 0;
				GCC_PREPROCESSOR_DEFINITIONS = (
					"DEBUG=1",
					"$(inherited)",
				);
				GCC_WARN_64_TO_32_BIT_CONVERSION = YES;
				GCC_WARN_ABOUT_RETURN_TYPE = YES_ERROR;
				GCC_WARN_UNDECLARED_SELECTOR = YES;
				GCC_WARN_UNINITIALIZED_AUTOS = YES_AGGRESSIVE;
				GCC_WARN_UNUSED_FUNCTION = YES;
				GCC_WARN_UNUSED_VARIABLE = YES;
				IPHONEOS_DEPLOYMENT_TARGET = 16.2;
				MTL_ENABLE_DEBUG_INFO = INCLUDE_SOURCE;
				MTL_FAST_MATH = YES;
				ONLY_ACTIVE_ARCH = YES;
				SDKROOT = iphoneos;
				SWIFT_ACTIVE_COMPILATION_CONDITIONS = DEBUG;
				SWIFT_OPTIMIZATION_LEVEL = "-Onone";
			};
			name = Debug;
		};
		9CEDD09429579585004AC4C5 /* Release */ = {
			isa = XCBuildConfiguration;
			buildSettings = {
				ALWAYS_SEARCH_USER_PATHS = NO;
				CLANG_ANALYZER_NONNULL = YES;
				CLANG_ANALYZER_NUMBER_OBJECT_CONVERSION = YES_AGGRESSIVE;
				CLANG_CXX_LANGUAGE_STANDARD = "gnu++20";
				CLANG_ENABLE_MODULES = YES;
				CLANG_ENABLE_OBJC_ARC = YES;
				CLANG_ENABLE_OBJC_WEAK = YES;
				CLANG_WARN_BLOCK_CAPTURE_AUTORELEASING = YES;
				CLANG_WARN_BOOL_CONVERSION = YES;
				CLANG_WARN_COMMA = YES;
				CLANG_WARN_CONSTANT_CONVERSION = YES;
				CLANG_WARN_DEPRECATED_OBJC_IMPLEMENTATIONS = YES;
				CLANG_WARN_DIRECT_OBJC_ISA_USAGE = YES_ERROR;
				CLANG_WARN_DOCUMENTATION_COMMENTS = YES;
				CLANG_WARN_EMPTY_BODY = YES;
				CLANG_WARN_ENUM_CONVERSION = YES;
				CLANG_WARN_INFINITE_RECURSION = YES;
				CLANG_WARN_INT_CONVERSION = YES;
				CLANG_WARN_NON_LITERAL_NULL_CONVERSION = YES;
				CLANG_WARN_OBJC_IMPLICIT_RETAIN_SELF = YES;
				CLANG_WARN_OBJC_LITERAL_CONVERSION = YES;
				CLANG_WARN_OBJC_ROOT_CLASS = YES_ERROR;
				CLANG_WARN_QUOTED_INCLUDE_IN_FRAMEWORK_HEADER = YES;
				CLANG_WARN_RANGE_LOOP_ANALYSIS = YES;
				CLANG_WARN_STRICT_PROTOTYPES = YES;
				CLANG_WARN_SUSPICIOUS_MOVE = YES;
				CLANG_WARN_UNGUARDED_AVAILABILITY = YES_AGGRESSIVE;
				CLANG_WARN_UNREACHABLE_CODE = YES;
				CLANG_WARN__DUPLICATE_METHOD_MATCH = YES;
				COPY_PHASE_STRIP = NO;
				DEBUG_INFORMATION_FORMAT = "dwarf-with-dsym";
				ENABLE_NS_ASSERTIONS = NO;
				ENABLE_STRICT_OBJC_MSGSEND = YES;
				GCC_C_LANGUAGE_STANDARD = gnu11;
				GCC_NO_COMMON_BLOCKS = YES;
				GCC_WARN_64_TO_32_BIT_CONVERSION = YES;
				GCC_WARN_ABOUT_RETURN_TYPE = YES_ERROR;
				GCC_WARN_UNDECLARED_SELECTOR = YES;
				GCC_WARN_UNINITIALIZED_AUTOS = YES_AGGRESSIVE;
				GCC_WARN_UNUSED_FUNCTION = YES;
				GCC_WARN_UNUSED_VARIABLE = YES;
				IPHONEOS_DEPLOYMENT_TARGET = 16.2;
				MTL_ENABLE_DEBUG_INFO = NO;
				MTL_FAST_MATH = YES;
				SDKROOT = iphoneos;
				SWIFT_COMPILATION_MODE = wholemodule;
				SWIFT_OPTIMIZATION_LEVEL = "-O";
				VALIDATE_PRODUCT = YES;
			};
			name = Release;
		};
		9CEDD09629579585004AC4C5 /* Debug */ = {
			isa = XCBuildConfiguration;
			buildSettings = {
				ASSETCATALOG_COMPILER_APPICON_NAME = AppIcon;
				ASSETCATALOG_COMPILER_GLOBAL_ACCENT_COLOR_NAME = AccentColor;
				CODE_SIGN_STYLE = Automatic;
				CURRENT_PROJECT_VERSION = 1;
				DEVELOPMENT_ASSET_PATHS = "\"#inOne/Preview Content\"";
				DEVELOPMENT_TEAM = 767TND7ZLG;
				ENABLE_PREVIEWS = YES;
				GENERATE_INFOPLIST_FILE = YES;
				INFOPLIST_KEY_UIApplicationSceneManifest_Generation = YES;
				INFOPLIST_KEY_UIApplicationSupportsIndirectInputEvents = YES;
				INFOPLIST_KEY_UILaunchScreen_Generation = YES;
				INFOPLIST_KEY_UISupportedInterfaceOrientations_iPad = "UIInterfaceOrientationPortrait UIInterfaceOrientationPortraitUpsideDown UIInterfaceOrientationLandscapeLeft UIInterfaceOrientationLandscapeRight";
				INFOPLIST_KEY_UISupportedInterfaceOrientations_iPhone = "UIInterfaceOrientationPortrait UIInterfaceOrientationLandscapeLeft UIInterfaceOrientationLandscapeRight";
				LD_RUNPATH_SEARCH_PATHS = (
					"$(inherited)",
					"@executable_path/Frameworks",
				);
				MARKETING_VERSION = 1.0;
				PRODUCT_BUNDLE_IDENTIFIER = "-inOne.-inOne";
				PRODUCT_NAME = "$(TARGET_NAME)";
				SWIFT_EMIT_LOC_STRINGS = YES;
				SWIFT_VERSION = 5.0;
				TARGETED_DEVICE_FAMILY = "1,2";
			};
			name = Debug;
		};
		9CEDD09729579585004AC4C5 /* Release */ = {
			isa = XCBuildConfiguration;
			buildSettings = {
				ASSETCATALOG_COMPILER_APPICON_NAME = AppIcon;
				ASSETCATALOG_COMPILER_GLOBAL_ACCENT_COLOR_NAME = AccentColor;
				CODE_SIGN_STYLE = Automatic;
				CURRENT_PROJECT_VERSION = 1;
				DEVELOPMENT_ASSET_PATHS = "\"#inOne/Preview Content\"";
				DEVELOPMENT_TEAM = 767TND7ZLG;
				ENABLE_PREVIEWS = YES;
				GENERATE_INFOPLIST_FILE = YES;
				INFOPLIST_KEY_UIApplicationSceneManifest_Generation = YES;
				INFOPLIST_KEY_UIApplicationSupportsIndirectInputEvents = YES;
				INFOPLIST_KEY_UILaunchScreen_Generation = YES;
				INFOPLIST_KEY_UISupportedInterfaceOrientations_iPad = "UIInterfaceOrientationPortrait UIInterfaceOrientationPortraitUpsideDown UIInterfaceOrientationLandscapeLeft UIInterfaceOrientationLandscapeRight";
				INFOPLIST_KEY_UISupportedInterfaceOrientations_iPhone = "UIInterfaceOrientationPortrait UIInterfaceOrientationLandscapeLeft UIInterfaceOrientationLandscapeRight";
				LD_RUNPATH_SEARCH_PATHS = (
					"$(inherited)",
					"@executable_path/Frameworks",
				);
				MARKETING_VERSION = 1.0;
				PRODUCT_BUNDLE_IDENTIFIER = "-inOne.-inOne";
				PRODUCT_NAME = "$(TARGET_NAME)";
				SWIFT_EMIT_LOC_STRINGS = YES;
				SWIFT_VERSION = 5.0;
				TARGETED_DEVICE_FAMILY = "1,2";
			};
			name = Release;
		};
		9CEDD09929579585004AC4C5 /* Debug */ = {
			isa = XCBuildConfiguration;
			buildSettings = {
				ALWAYS_EMBED_SWIFT_STANDARD_LIBRARIES = YES;
				BUNDLE_LOADER = "$(TEST_HOST)";
				CODE_SIGN_STYLE = Automatic;
				CURRENT_PROJECT_VERSION = 1;
				DEVELOPMENT_TEAM = 767TND7ZLG;
				GENERATE_INFOPLIST_FILE = YES;
				IPHONEOS_DEPLOYMENT_TARGET = 16.2;
				MARKETING_VERSION = 1.0;
				PRODUCT_BUNDLE_IDENTIFIER = "-inOne.-inOneTests";
				PRODUCT_NAME = "$(TARGET_NAME)";
				SWIFT_EMIT_LOC_STRINGS = NO;
				SWIFT_VERSION = 5.0;
				TARGETED_DEVICE_FAMILY = "1,2";
				TEST_HOST = "$(BUILT_PRODUCTS_DIR)/#inOne.app/$(BUNDLE_EXECUTABLE_FOLDER_PATH)/#inOne";
			};
			name = Debug;
		};
		9CEDD09A29579585004AC4C5 /* Release */ = {
			isa = XCBuildConfiguration;
			buildSettings = {
				ALWAYS_EMBED_SWIFT_STANDARD_LIBRARIES = YES;
				BUNDLE_LOADER = "$(TEST_HOST)";
				CODE_SIGN_STYLE = Automatic;
				CURRENT_PROJECT_VERSION = 1;
				DEVELOPMENT_TEAM = 767TND7ZLG;
				GENERATE_INFOPLIST_FILE = YES;
				IPHONEOS_DEPLOYMENT_TARGET = 16.2;
				MARKETING_VERSION = 1.0;
				PRODUCT_BUNDLE_IDENTIFIER = "-inOne.-inOneTests";
				PRODUCT_NAME = "$(TARGET_NAME)";
				SWIFT_EMIT_LOC_STRINGS = NO;
				SWIFT_VERSION = 5.0;
				TARGETED_DEVICE_FAMILY = "1,2";
				TEST_HOST = "$(BUILT_PRODUCTS_DIR)/#inOne.app/$(BUNDLE_EXECUTABLE_FOLDER_PATH)/#inOne";
			};
			name = Release;
		};
		9CEDD09C29579585004AC4C5 /* Debug */ = {
			isa = XCBuildConfiguration;
			buildSettings = {
				ALWAYS_EMBED_SWIFT_STANDARD_LIBRARIES = YES;
				CODE_SIGN_STYLE = Automatic;
				CURRENT_PROJECT_VERSION = 1;
				DEVELOPMENT_TEAM = 767TND7ZLG;
				GENERATE_INFOPLIST_FILE = YES;
				MARKETING_VERSION = 1.0;
				PRODUCT_BUNDLE_IDENTIFIER = "-inOne.-inOneUITests";
				PRODUCT_NAME = "$(TARGET_NAME)";
				SWIFT_EMIT_LOC_STRINGS = NO;
				SWIFT_VERSION = 5.0;
				TARGETED_DEVICE_FAMILY = "1,2";
				TEST_TARGET_NAME = "#inOne";
			};
			name = Debug;
		};
		9CEDD09D29579585004AC4C5 /* Release */ = {
			isa = XCBuildConfiguration;
			buildSettings = {
				ALWAYS_EMBED_SWIFT_STANDARD_LIBRARIES = YES;
				CODE_SIGN_STYLE = Automatic;
				CURRENT_PROJECT_VERSION = 1;
				DEVELOPMENT_TEAM = 767TND7ZLG;
				GENERATE_INFOPLIST_FILE = YES;
				MARKETING_VERSION = 1.0;
				PRODUCT_BUNDLE_IDENTIFIER = "-inOne.-inOneUITests";
				PRODUCT_NAME = "$(TARGET_NAME)";
				SWIFT_EMIT_LOC_STRINGS = NO;
				SWIFT_VERSION = 5.0;
				TARGETED_DEVICE_FAMILY = "1,2";
				TEST_TARGET_NAME = "#inOne";
			};
			name = Release;
		};
/* End XCBuildConfiguration section */

/* Begin XCConfigurationList section */
		9CEDD06C29579585004AC4C5 /* Build configuration list for PBXProject "#inOne" */ = {
			isa = XCConfigurationList;
			buildConfigurations = (
				9CEDD09329579585004AC4C5 /* Debug */,
				9CEDD09429579585004AC4C5 /* Release */,
			);
			defaultConfigurationIsVisible = 0;
			defaultConfigurationName = Release;
		};
		9CEDD09529579585004AC4C5 /* Build configuration list for PBXNativeTarget "#inOne" */ = {
			isa = XCConfigurationList;
			buildConfigurations = (
				9CEDD09629579585004AC4C5 /* Debug */,
				9CEDD09729579585004AC4C5 /* Release */,
			);
			defaultConfigurationIsVisible = 0;
			defaultConfigurationName = Release;
		};
		9CEDD09829579585004AC4C5 /* Build configuration list for PBXNativeTarget "#inOneTests" */ = {
			isa = XCConfigurationList;
			buildConfigurations = (
				9CEDD09929579585004AC4C5 /* Debug */,
				9CEDD09A29579585004AC4C5 /* Release */,
			);
			defaultConfigurationIsVisible = 0;
			defaultConfigurationName = Release;
		};
		9CEDD09B29579585004AC4C5 /* Build configuration list for PBXNativeTarget "#inOneUITests" */ = {
			isa = XCConfigurationList;
			buildConfigurations = (
				9CEDD09C29579585004AC4C5 /* Debug */,
				9CEDD09D29579585004AC4C5 /* Release */,
			);
			defaultConfigurationIsVisible = 0;
			defaultConfigurationName = Release;
		};
/* End XCConfigurationList section */

/* Begin XCRemoteSwiftPackageReference section */
		9CCCC5772959B626005DBB04 /* XCRemoteSwiftPackageReference "rive-ios" */ = {
			isa = XCRemoteSwiftPackageReference;
			repositoryURL = "https://github.com/rive-app/rive-ios";
			requirement = {
				kind = upToNextMajorVersion;
				minimumVersion = 3.0.0;
			};
		};
/* End XCRemoteSwiftPackageReference section */

/* Begin XCSwiftPackageProductDependency section */
		9CCCC5782959B626005DBB04 /* RiveRuntime */ = {
			isa = XCSwiftPackageProductDependency;
			package = 9CCCC5772959B626005DBB04 /* XCRemoteSwiftPackageReference "rive-ios" */;
			productName = RiveRuntime;
		};
/* End XCSwiftPackageProductDependency section */
	};
	rootObject = 9CEDD06929579585004AC4C5 /* Project object */;
}
